
Microsoft Visual Studio Solution File, Format Version 12.00
# Visual Studio 15
Project("{FAE04EC0-301F-11D3-BF4B-00C04F79EFBC}") = "Assembly-CSharp", "Assembly-CSharp.csproj", "{CF969505-6003-708B-BD33-D24915C6D416}"
EndProject
Project("{FAE04EC0-301F-11D3-BF4B-00C04F79EFBC}") = "Assembly-CSharp-Editor", "Assembly-CSharp-Editor.csproj", "{2F6C8D1F-EBEE-C527-A211-61F663D1EB94}"
EndProject
Global
	GlobalSection(SolutionConfigurationPlatforms) = preSolution
		Debug|Any CPU = Debug|Any CPU
		Release|Any CPU = Release|Any CPU
	EndGlobalSection
	GlobalSection(ProjectConfigurationPlatforms) = postSolution
		{CF969505-6003-708B-BD33-D24915C6D416}.Debug|Any CPU.ActiveCfg = Debug|Any CPU
		{CF969505-6003-708B-BD33-D24915C6D416}.Debug|Any CPU.Build.0 = Debug|Any CPU
		{CF969505-6003-708B-BD33-D24915C6D416}.Release|Any CPU.ActiveCfg = Release|Any CPU
		{CF969505-6003-708B-BD33-D24915C6D416}.Release|Any CPU.Build.0 = Release|Any CPU
		{2F6C8D1F-EBEE-C527-A211-61F663D1EB94}.Debug|Any CPU.ActiveCfg = Debug|Any CPU
		{2F6C8D1F-EBEE-C527-A211-61F663D1EB94}.Debug|Any CPU.Build.0 = Debug|Any CPU
		{2F6C8D1F-EBEE-C527-A211-61F663D1EB94}.Release|Any CPU.ActiveCfg = Release|Any CPU
		{2F6C8D1F-EBEE-C527-A211-61F663D1EB94}.Release|Any CPU.Build.0 = Release|Any CPU
	EndGlobalSection
	GlobalSection(SolutionProperties) = preSolution
		HideSolutionNode = FALSE
	EndGlobalSection
EndGlobal
